// !$*UTF8*$!
{
	archiveVersion = 1;
	classes = {
	};
	objectVersion = 51;
	objects = {

/* Begin PBXBuildFile section */
		3C0155AE2207C8E000139618 /* AppDelegate.swift in Sources */ = {isa = PBXBuildFile; fileRef = 3C0155AD2207C8E000139618 /* AppDelegate.swift */; };
		3C0155B02207C8E000139618 /* FeedViewController.swift in Sources */ = {isa = PBXBuildFile; fileRef = 3C0155AF2207C8E000139618 /* FeedViewController.swift */; };
		3C0155B52207C8E200139618 /* Assets.xcassets in Resources */ = {isa = PBXBuildFile; fileRef = 3C0155B42207C8E200139618 /* Assets.xcassets */; };
		3C0155B82207C8E200139618 /* LaunchScreen.storyboard in Resources */ = {isa = PBXBuildFile; fileRef = 3C0155B62207C8E200139618 /* LaunchScreen.storyboard */; };
		3C0C4E682241A71E00B37C2A /* FeedWindowController.swift in Sources */ = {isa = PBXBuildFile; fileRef = 3C0C4E672241A71E00B37C2A /* FeedWindowController.swift */; };
		3C0C4E6A2241A76A00B37C2A /* Globals.swift in Sources */ = {isa = PBXBuildFile; fileRef = 3C0C4E692241A76A00B37C2A /* Globals.swift */; };
		3C0C4E6C2241A79B00B37C2A /* FeedWindow.swift in Sources */ = {isa = PBXBuildFile; fileRef = 3C0C4E6B2241A79B00B37C2A /* FeedWindow.swift */; };
		3C0C4E6E2241A7D400B37C2A /* FeedSplitViewController.swift in Sources */ = {isa = PBXBuildFile; fileRef = 3C0C4E6D2241A7D400B37C2A /* FeedSplitViewController.swift */; };
		3C0C4E702241A84200B37C2A /* FeedListViewController.swift in Sources */ = {isa = PBXBuildFile; fileRef = 3C0C4E6F2241A84200B37C2A /* FeedListViewController.swift */; };
		3C0C4E732241A87500B37C2A /* FeedListView.swift in Sources */ = {isa = PBXBuildFile; fileRef = 3C0C4E722241A87500B37C2A /* FeedListView.swift */; };
		3C0C4E752241A89000B37C2A /* FeedListOutlineView.swift in Sources */ = {isa = PBXBuildFile; fileRef = 3C0C4E742241A89000B37C2A /* FeedListOutlineView.swift */; };
		3C0C4E772241A8D900B37C2A /* FeedTableCellView.swift in Sources */ = {isa = PBXBuildFile; fileRef = 3C0C4E762241A8D900B37C2A /* FeedTableCellView.swift */; };
		3C0C4E792241A8FF00B37C2A /* DetailViewController.swift in Sources */ = {isa = PBXBuildFile; fileRef = 3C0C4E782241A8FF00B37C2A /* DetailViewController.swift */; };
		3C0C4E7F2241AA1F00B37C2A /* NSToolbarItem+CustomIdentifiers.swift in Sources */ = {isa = PBXBuildFile; fileRef = 3C0C4E7E2241AA1F00B37C2A /* NSToolbarItem+CustomIdentifiers.swift */; };
		3C0C4E812241AA4F00B37C2A /* NewFeedToolbarItem.swift in Sources */ = {isa = PBXBuildFile; fileRef = 3C0C4E802241AA4F00B37C2A /* NewFeedToolbarItem.swift */; };
		3C0C4E842241B0B100B37C2A /* AppData.swift in Sources */ = {isa = PBXBuildFile; fileRef = 3C0C4E832241B0B100B37C2A /* AppData.swift */; };
		3C0C4E872241B10100B37C2A /* UserDefaults+Feeds.swift in Sources */ = {isa = PBXBuildFile; fileRef = 3C0C4E862241B10100B37C2A /* UserDefaults+Feeds.swift */; };
		3C0ECF8F2207CE3E005FB711 /* FeedNavigationViewController.swift in Sources */ = {isa = PBXBuildFile; fileRef = 3C0ECF8E2207CE3D005FB711 /* FeedNavigationViewController.swift */; };
		3C0ECF922207CF61005FB711 /* FeedView.swift in Sources */ = {isa = PBXBuildFile; fileRef = 3C0ECF912207CF61005FB711 /* FeedView.swift */; };
		3C0ECF952207D010005FB711 /* AppData.swift in Sources */ = {isa = PBXBuildFile; fileRef = 3C0ECF942207D010005FB711 /* AppData.swift */; };
		3C0ECF972207DC4E005FB711 /* UserDefaults+Feeds.swift in Sources */ = {isa = PBXBuildFile; fileRef = 3C0ECF962207DC4E005FB711 /* UserDefaults+Feeds.swift */; };
		3C0ECF9A2207E148005FB711 /* FeedTableViewCell.swift in Sources */ = {isa = PBXBuildFile; fileRef = 3C0ECF992207E148005FB711 /* FeedTableViewCell.swift */; };
		3C0ECF9E2207E3B1005FB711 /* PostsViewController.swift in Sources */ = {isa = PBXBuildFile; fileRef = 3C0ECF9D2207E3B1005FB711 /* PostsViewController.swift */; };
		3C0ECFA02207E3C1005FB711 /* PostsView.swift in Sources */ = {isa = PBXBuildFile; fileRef = 3C0ECF9F2207E3C1005FB711 /* PostsView.swift */; };
		3C0ECFA22207E3E3005FB711 /* PostTableViewCell.swift in Sources */ = {isa = PBXBuildFile; fileRef = 3C0ECFA12207E3E3005FB711 /* PostTableViewCell.swift */; };
		3C53BC6A22F156E200451117 /* AddFeedSheet.xib in Resources */ = {isa = PBXBuildFile; fileRef = 3C53BC6722F14C8500451117 /* AddFeedSheet.xib */; };
		3C53BC6D22F158A600451117 /* DeleteFeedSheetWindowController.swift in Sources */ = {isa = PBXBuildFile; fileRef = 3C53BC6B22F158A600451117 /* DeleteFeedSheetWindowController.swift */; };
		3C53BC6E22F158A600451117 /* DeleteFeedSheet.xib in Resources */ = {isa = PBXBuildFile; fileRef = 3C53BC6C22F158A600451117 /* DeleteFeedSheet.xib */; };
		3C6767242207ED9C00D7F452 /* FeedSplitViewController.swift in Sources */ = {isa = PBXBuildFile; fileRef = 3C6767232207ED9C00D7F452 /* FeedSplitViewController.swift */; };
		3C6767262207F7FF00D7F452 /* README.md in Resources */ = {isa = PBXBuildFile; fileRef = 3C6767252207F7FF00D7F452 /* README.md */; };
		3C9A24D8237B89D60083C471 /* ItemListViewController.swift in Sources */ = {isa = PBXBuildFile; fileRef = 3C9A24D6237B89590083C471 /* ItemListViewController.swift */; };
		3C9A24D9237B89D90083C471 /* ItemListView.swift in Sources */ = {isa = PBXBuildFile; fileRef = 3C9A24D4237B89590083C471 /* ItemListView.swift */; };
		3C9A24DA237B89DB0083C471 /* ItemListOutlineView.swift in Sources */ = {isa = PBXBuildFile; fileRef = 3C9A24D3237B89590083C471 /* ItemListOutlineView.swift */; };
		3C9A24DB237B89DD0083C471 /* ItemTableCellView.swift in Sources */ = {isa = PBXBuildFile; fileRef = 3C9A24D5237B89590083C471 /* ItemTableCellView.swift */; };
		3C9A24DD237BB69F0083C471 /* NSTextField+SizeThatFitsWidth.swift in Sources */ = {isa = PBXBuildFile; fileRef = 3C9A24DC237BB69F0083C471 /* NSTextField+SizeThatFitsWidth.swift */; };
		3C9A24DF237BB6F10083C471 /* NSString+Height.swift in Sources */ = {isa = PBXBuildFile; fileRef = 3C9A24DE237BB6F10083C471 /* NSString+Height.swift */; };
		3CC2589F2242BE8700BA7534 /* AddFeedWindowController.swift in Sources */ = {isa = PBXBuildFile; fileRef = 3CC2589E2242BE8700BA7534 /* AddFeedWindowController.swift */; };
		3CC258AB2242D99100BA7534 /* RefreshFeedsToolbarItem.swift in Sources */ = {isa = PBXBuildFile; fileRef = 3CC258AA2242D99100BA7534 /* RefreshFeedsToolbarItem.swift */; };
		3CD05ED1220943FF0023B920 /* PostDetailViewController.swift in Sources */ = {isa = PBXBuildFile; fileRef = 3CD05ED0220943FF0023B920 /* PostDetailViewController.swift */; };
		3CF823B5223EDC6500AEC06A /* AppDelegate.swift in Sources */ = {isa = PBXBuildFile; fileRef = 3CF823B4223EDC6500AEC06A /* AppDelegate.swift */; };
		3CF823B8223EDC6500AEC06A /* Super_Simple_RSS_Mac.xcdatamodeld in Sources */ = {isa = PBXBuildFile; fileRef = 3CF823B6223EDC6500AEC06A /* Super_Simple_RSS_Mac.xcdatamodeld */; };
		3CF823BA223EDC6700AEC06A /* Assets.xcassets in Resources */ = {isa = PBXBuildFile; fileRef = 3CF823B9223EDC6700AEC06A /* Assets.xcassets */; };
		3CF823BD223EDC6700AEC06A /* MainMenu.xib in Resources */ = {isa = PBXBuildFile; fileRef = 3CF823BB223EDC6700AEC06A /* MainMenu.xib */; };
		8901060414EFC5810FE1588F /* Pods_Super_Simple_RSS.framework in Frameworks */ = {isa = PBXBuildFile; fileRef = AAD75A2525993813DBA8B640 /* Pods_Super_Simple_RSS.framework */; };
		AB98FBB93D21E1288AFFE14D /* Pods_Super_Simple_RSS_Mac.framework in Frameworks */ = {isa = PBXBuildFile; fileRef = 7902446DFBF71784D1BCB447 /* Pods_Super_Simple_RSS_Mac.framework */; };
/* End PBXBuildFile section */

/* Begin PBXFileReference section */
		180816AB8DE7A5C8033DAFE4 /* Pods-Super Simple RSS Mac.release.xcconfig */ = {isa = PBXFileReference; includeInIndex = 1; lastKnownFileType = text.xcconfig; name = "Pods-Super Simple RSS Mac.release.xcconfig"; path = "Pods/Target Support Files/Pods-Super Simple RSS Mac/Pods-Super Simple RSS Mac.release.xcconfig"; sourceTree = "<group>"; };
		3C0155AA2207C8E000139618 /* Super Simple RSS.app */ = {isa = PBXFileReference; explicitFileType = wrapper.application; includeInIndex = 0; path = "Super Simple RSS.app"; sourceTree = BUILT_PRODUCTS_DIR; };
		3C0155AD2207C8E000139618 /* AppDelegate.swift */ = {isa = PBXFileReference; lastKnownFileType = sourcecode.swift; path = AppDelegate.swift; sourceTree = "<group>"; };
		3C0155AF2207C8E000139618 /* FeedViewController.swift */ = {isa = PBXFileReference; lastKnownFileType = sourcecode.swift; path = FeedViewController.swift; sourceTree = "<group>"; };
		3C0155B42207C8E200139618 /* Assets.xcassets */ = {isa = PBXFileReference; lastKnownFileType = folder.assetcatalog; path = Assets.xcassets; sourceTree = "<group>"; };
		3C0155B72207C8E200139618 /* Base */ = {isa = PBXFileReference; lastKnownFileType = file.storyboard; name = Base; path = Base.lproj/LaunchScreen.storyboard; sourceTree = "<group>"; };
		3C0155B92207C8E200139618 /* Info.plist */ = {isa = PBXFileReference; lastKnownFileType = text.plist.xml; path = Info.plist; sourceTree = "<group>"; };
		3C0C4E672241A71E00B37C2A /* FeedWindowController.swift */ = {isa = PBXFileReference; lastKnownFileType = sourcecode.swift; path = FeedWindowController.swift; sourceTree = "<group>"; };
		3C0C4E692241A76A00B37C2A /* Globals.swift */ = {isa = PBXFileReference; lastKnownFileType = sourcecode.swift; path = Globals.swift; sourceTree = "<group>"; };
		3C0C4E6B2241A79B00B37C2A /* FeedWindow.swift */ = {isa = PBXFileReference; lastKnownFileType = sourcecode.swift; path = FeedWindow.swift; sourceTree = "<group>"; };
		3C0C4E6D2241A7D400B37C2A /* FeedSplitViewController.swift */ = {isa = PBXFileReference; lastKnownFileType = sourcecode.swift; path = FeedSplitViewController.swift; sourceTree = "<group>"; };
		3C0C4E6F2241A84200B37C2A /* FeedListViewController.swift */ = {isa = PBXFileReference; lastKnownFileType = sourcecode.swift; path = FeedListViewController.swift; sourceTree = "<group>"; };
		3C0C4E722241A87500B37C2A /* FeedListView.swift */ = {isa = PBXFileReference; lastKnownFileType = sourcecode.swift; path = FeedListView.swift; sourceTree = "<group>"; };
		3C0C4E742241A89000B37C2A /* FeedListOutlineView.swift */ = {isa = PBXFileReference; lastKnownFileType = sourcecode.swift; path = FeedListOutlineView.swift; sourceTree = "<group>"; };
		3C0C4E762241A8D900B37C2A /* FeedTableCellView.swift */ = {isa = PBXFileReference; lastKnownFileType = sourcecode.swift; path = FeedTableCellView.swift; sourceTree = "<group>"; };
		3C0C4E782241A8FF00B37C2A /* DetailViewController.swift */ = {isa = PBXFileReference; lastKnownFileType = sourcecode.swift; path = DetailViewController.swift; sourceTree = "<group>"; };
		3C0C4E7E2241AA1F00B37C2A /* NSToolbarItem+CustomIdentifiers.swift */ = {isa = PBXFileReference; lastKnownFileType = sourcecode.swift; path = "NSToolbarItem+CustomIdentifiers.swift"; sourceTree = "<group>"; };
		3C0C4E802241AA4F00B37C2A /* NewFeedToolbarItem.swift */ = {isa = PBXFileReference; lastKnownFileType = sourcecode.swift; path = NewFeedToolbarItem.swift; sourceTree = "<group>"; };
		3C0C4E832241B0B100B37C2A /* AppData.swift */ = {isa = PBXFileReference; lastKnownFileType = sourcecode.swift; path = AppData.swift; sourceTree = "<group>"; };
		3C0C4E862241B10100B37C2A /* UserDefaults+Feeds.swift */ = {isa = PBXFileReference; lastKnownFileType = sourcecode.swift; path = "UserDefaults+Feeds.swift"; sourceTree = "<group>"; };
		3C0ECF8E2207CE3D005FB711 /* FeedNavigationViewController.swift */ = {isa = PBXFileReference; lastKnownFileType = sourcecode.swift; path = FeedNavigationViewController.swift; sourceTree = "<group>"; };
		3C0ECF912207CF61005FB711 /* FeedView.swift */ = {isa = PBXFileReference; lastKnownFileType = sourcecode.swift; path = FeedView.swift; sourceTree = "<group>"; };
		3C0ECF942207D010005FB711 /* AppData.swift */ = {isa = PBXFileReference; lastKnownFileType = sourcecode.swift; path = AppData.swift; sourceTree = "<group>"; };
		3C0ECF962207DC4E005FB711 /* UserDefaults+Feeds.swift */ = {isa = PBXFileReference; lastKnownFileType = sourcecode.swift; path = "UserDefaults+Feeds.swift"; sourceTree = "<group>"; };
		3C0ECF992207E148005FB711 /* FeedTableViewCell.swift */ = {isa = PBXFileReference; lastKnownFileType = sourcecode.swift; path = FeedTableViewCell.swift; sourceTree = "<group>"; };
		3C0ECF9D2207E3B1005FB711 /* PostsViewController.swift */ = {isa = PBXFileReference; lastKnownFileType = sourcecode.swift; path = PostsViewController.swift; sourceTree = "<group>"; };
		3C0ECF9F2207E3C1005FB711 /* PostsView.swift */ = {isa = PBXFileReference; lastKnownFileType = sourcecode.swift; path = PostsView.swift; sourceTree = "<group>"; };
		3C0ECFA12207E3E3005FB711 /* PostTableViewCell.swift */ = {isa = PBXFileReference; lastKnownFileType = sourcecode.swift; path = PostTableViewCell.swift; sourceTree = "<group>"; };
		3C53BC6722F14C8500451117 /* AddFeedSheet.xib */ = {isa = PBXFileReference; lastKnownFileType = file.xib; path = AddFeedSheet.xib; sourceTree = "<group>"; };
		3C53BC6B22F158A600451117 /* DeleteFeedSheetWindowController.swift */ = {isa = PBXFileReference; lastKnownFileType = sourcecode.swift; path = DeleteFeedSheetWindowController.swift; sourceTree = "<group>"; };
		3C53BC6C22F158A600451117 /* DeleteFeedSheet.xib */ = {isa = PBXFileReference; lastKnownFileType = file.xib; path = DeleteFeedSheet.xib; sourceTree = "<group>"; };
		3C601E822241A50D00675734 /* Super Simple RSS Mac.entitlements */ = {isa = PBXFileReference; lastKnownFileType = text.plist.entitlements; path = "Super Simple RSS Mac.entitlements"; sourceTree = "<group>"; };
		3C6767232207ED9C00D7F452 /* FeedSplitViewController.swift */ = {isa = PBXFileReference; lastKnownFileType = sourcecode.swift; path = FeedSplitViewController.swift; sourceTree = "<group>"; };
		3C6767252207F7FF00D7F452 /* README.md */ = {isa = PBXFileReference; fileEncoding = 4; lastKnownFileType = net.daringfireball.markdown; path = README.md; sourceTree = "<group>"; };
		3C862F3C22ADA30900F245E5 /* Super Simple RSS.entitlements */ = {isa = PBXFileReference; lastKnownFileType = text.plist.entitlements; path = "Super Simple RSS.entitlements"; sourceTree = "<group>"; };
		3C9A24D3237B89590083C471 /* ItemListOutlineView.swift */ = {isa = PBXFileReference; lastKnownFileType = sourcecode.swift; path = ItemListOutlineView.swift; sourceTree = "<group>"; };
		3C9A24D4237B89590083C471 /* ItemListView.swift */ = {isa = PBXFileReference; lastKnownFileType = sourcecode.swift; path = ItemListView.swift; sourceTree = "<group>"; };
		3C9A24D5237B89590083C471 /* ItemTableCellView.swift */ = {isa = PBXFileReference; lastKnownFileType = sourcecode.swift; path = ItemTableCellView.swift; sourceTree = "<group>"; };
		3C9A24D6237B89590083C471 /* ItemListViewController.swift */ = {isa = PBXFileReference; lastKnownFileType = sourcecode.swift; path = ItemListViewController.swift; sourceTree = "<group>"; };
		3C9A24DC237BB69F0083C471 /* NSTextField+SizeThatFitsWidth.swift */ = {isa = PBXFileReference; lastKnownFileType = sourcecode.swift; path = "NSTextField+SizeThatFitsWidth.swift"; sourceTree = "<group>"; };
		3C9A24DE237BB6F10083C471 /* NSString+Height.swift */ = {isa = PBXFileReference; lastKnownFileType = sourcecode.swift; path = "NSString+Height.swift"; sourceTree = "<group>"; };
		3CC2589E2242BE8700BA7534 /* AddFeedWindowController.swift */ = {isa = PBXFileReference; lastKnownFileType = sourcecode.swift; path = AddFeedWindowController.swift; sourceTree = "<group>"; };
		3CC258AA2242D99100BA7534 /* RefreshFeedsToolbarItem.swift */ = {isa = PBXFileReference; lastKnownFileType = sourcecode.swift; path = RefreshFeedsToolbarItem.swift; sourceTree = "<group>"; };
		3CD05ED0220943FF0023B920 /* PostDetailViewController.swift */ = {isa = PBXFileReference; lastKnownFileType = sourcecode.swift; path = PostDetailViewController.swift; sourceTree = "<group>"; };
		3CF823B2223EDC6500AEC06A /* Super Simple RSS Mac.app */ = {isa = PBXFileReference; explicitFileType = wrapper.application; includeInIndex = 0; path = "Super Simple RSS Mac.app"; sourceTree = BUILT_PRODUCTS_DIR; };
		3CF823B4223EDC6500AEC06A /* AppDelegate.swift */ = {isa = PBXFileReference; lastKnownFileType = sourcecode.swift; path = AppDelegate.swift; sourceTree = "<group>"; };
		3CF823B7223EDC6500AEC06A /* Super_Simple_RSS_Mac.xcdatamodel */ = {isa = PBXFileReference; lastKnownFileType = wrapper.xcdatamodel; path = Super_Simple_RSS_Mac.xcdatamodel; sourceTree = "<group>"; };
		3CF823B9223EDC6700AEC06A /* Assets.xcassets */ = {isa = PBXFileReference; lastKnownFileType = folder.assetcatalog; path = Assets.xcassets; sourceTree = "<group>"; };
		3CF823BC223EDC6700AEC06A /* Base */ = {isa = PBXFileReference; lastKnownFileType = file.xib; name = Base; path = Base.lproj/MainMenu.xib; sourceTree = "<group>"; };
		3CF823BE223EDC6700AEC06A /* Info.plist */ = {isa = PBXFileReference; lastKnownFileType = text.plist.xml; path = Info.plist; sourceTree = "<group>"; };
		3CF823BF223EDC6700AEC06A /* Super_Simple_RSS_Mac.entitlements */ = {isa = PBXFileReference; lastKnownFileType = text.plist.entitlements; path = Super_Simple_RSS_Mac.entitlements; sourceTree = "<group>"; };
		7535F998AC8481D39C6C6403 /* Pods-Super Simple RSS.debug.xcconfig */ = {isa = PBXFileReference; includeInIndex = 1; lastKnownFileType = text.xcconfig; name = "Pods-Super Simple RSS.debug.xcconfig"; path = "Pods/Target Support Files/Pods-Super Simple RSS/Pods-Super Simple RSS.debug.xcconfig"; sourceTree = "<group>"; };
		7902446DFBF71784D1BCB447 /* Pods_Super_Simple_RSS_Mac.framework */ = {isa = PBXFileReference; explicitFileType = wrapper.framework; includeInIndex = 0; path = Pods_Super_Simple_RSS_Mac.framework; sourceTree = BUILT_PRODUCTS_DIR; };
		95618D21D2B89E4C18315052 /* Pods-Super Simple RSS.release.xcconfig */ = {isa = PBXFileReference; includeInIndex = 1; lastKnownFileType = text.xcconfig; name = "Pods-Super Simple RSS.release.xcconfig"; path = "Pods/Target Support Files/Pods-Super Simple RSS/Pods-Super Simple RSS.release.xcconfig"; sourceTree = "<group>"; };
		AAD75A2525993813DBA8B640 /* Pods_Super_Simple_RSS.framework */ = {isa = PBXFileReference; explicitFileType = wrapper.framework; includeInIndex = 0; path = Pods_Super_Simple_RSS.framework; sourceTree = BUILT_PRODUCTS_DIR; };
		CF68D3F9EC3BF1D8AE4F47D3 /* Pods-Super Simple RSS Mac.debug.xcconfig */ = {isa = PBXFileReference; includeInIndex = 1; lastKnownFileType = text.xcconfig; name = "Pods-Super Simple RSS Mac.debug.xcconfig"; path = "Pods/Target Support Files/Pods-Super Simple RSS Mac/Pods-Super Simple RSS Mac.debug.xcconfig"; sourceTree = "<group>"; };
/* End PBXFileReference section */

/* Begin PBXFrameworksBuildPhase section */
		3C0155A72207C8E000139618 /* Frameworks */ = {
			isa = PBXFrameworksBuildPhase;
			buildActionMask = 2147483647;
			files = (
				8901060414EFC5810FE1588F /* Pods_Super_Simple_RSS.framework in Frameworks */,
			);
			runOnlyForDeploymentPostprocessing = 0;
		};
		3CF823AF223EDC6500AEC06A /* Frameworks */ = {
			isa = PBXFrameworksBuildPhase;
			buildActionMask = 2147483647;
			files = (
				AB98FBB93D21E1288AFFE14D /* Pods_Super_Simple_RSS_Mac.framework in Frameworks */,
			);
			runOnlyForDeploymentPostprocessing = 0;
		};
/* End PBXFrameworksBuildPhase section */

/* Begin PBXGroup section */
		3C0155A12207C8E000139618 = {
			isa = PBXGroup;
			children = (
				3C6767252207F7FF00D7F452 /* README.md */,
				3C0155AC2207C8E000139618 /* Super Simple RSS */,
				3CF823B3223EDC6500AEC06A /* Super Simple RSS Mac */,
				3C0155AB2207C8E000139618 /* Products */,
				FF95CB7781797EA92F2D27F5 /* Pods */,
				6637269970BBA0290CE542E8 /* Frameworks */,
			);
			sourceTree = "<group>";
		};
		3C0155AB2207C8E000139618 /* Products */ = {
			isa = PBXGroup;
			children = (
				3C0155AA2207C8E000139618 /* Super Simple RSS.app */,
				3CF823B2223EDC6500AEC06A /* Super Simple RSS Mac.app */,
			);
			name = Products;
			sourceTree = "<group>";
		};
		3C0155AC2207C8E000139618 /* Super Simple RSS */ = {
			isa = PBXGroup;
			children = (
				3C862F3C22ADA30900F245E5 /* Super Simple RSS.entitlements */,
				3C0155AD2207C8E000139618 /* AppDelegate.swift */,
				3C0ECF982207DF19005FB711 /* Extensions */,
				3C0ECF932207CFF6005FB711 /* Models */,
				3C0ECF902207CE92005FB711 /* UI */,
				3C0155B42207C8E200139618 /* Assets.xcassets */,
				3C0155B62207C8E200139618 /* LaunchScreen.storyboard */,
				3C0155B92207C8E200139618 /* Info.plist */,
			);
			path = "Super Simple RSS";
			sourceTree = "<group>";
		};
		3C0C4E662241A6A000B37C2A /* UI */ = {
			isa = PBXGroup;
			children = (
				3CC2589D2242BE7200BA7534 /* Modals */,
				3C0C4E7D2241A93B00B37C2A /* Toolbar */,
				3C0C4E672241A71E00B37C2A /* FeedWindowController.swift */,
				3C0C4E6B2241A79B00B37C2A /* FeedWindow.swift */,
				3C0C4E6D2241A7D400B37C2A /* FeedSplitViewController.swift */,
				3C0C4E712241A84500B37C2A /* FeedList */,
				3C9A24D2237B7D580083C471 /* ItemList */,
				3C0C4E7A2241A90200B37C2A /* DetailView */,
			);
			path = UI;
			sourceTree = "<group>";
		};
		3C0C4E712241A84500B37C2A /* FeedList */ = {
			isa = PBXGroup;
			children = (
				3C0C4E6F2241A84200B37C2A /* FeedListViewController.swift */,
				3C0C4E722241A87500B37C2A /* FeedListView.swift */,
				3C0C4E742241A89000B37C2A /* FeedListOutlineView.swift */,
				3C0C4E762241A8D900B37C2A /* FeedTableCellView.swift */,
			);
			path = FeedList;
			sourceTree = "<group>";
		};
		3C0C4E7A2241A90200B37C2A /* DetailView */ = {
			isa = PBXGroup;
			children = (
				3C0C4E782241A8FF00B37C2A /* DetailViewController.swift */,
			);
			path = DetailView;
			sourceTree = "<group>";
		};
		3C0C4E7D2241A93B00B37C2A /* Toolbar */ = {
			isa = PBXGroup;
			children = (
				3C0C4E7E2241AA1F00B37C2A /* NSToolbarItem+CustomIdentifiers.swift */,
				3CC258AA2242D99100BA7534 /* RefreshFeedsToolbarItem.swift */,
				3C0C4E802241AA4F00B37C2A /* NewFeedToolbarItem.swift */,
			);
			path = Toolbar;
			sourceTree = "<group>";
		};
		3C0C4E852241B0B400B37C2A /* Models */ = {
			isa = PBXGroup;
			children = (
				3C0C4E832241B0B100B37C2A /* AppData.swift */,
			);
			path = Models;
			sourceTree = "<group>";
		};
		3C0C4E882241B10500B37C2A /* Extensions */ = {
			isa = PBXGroup;
			children = (
				3C0C4E862241B10100B37C2A /* UserDefaults+Feeds.swift */,
				3C9A24DC237BB69F0083C471 /* NSTextField+SizeThatFitsWidth.swift */,
				3C9A24DE237BB6F10083C471 /* NSString+Height.swift */,
			);
			path = Extensions;
			sourceTree = "<group>";
		};
		3C0ECF902207CE92005FB711 /* UI */ = {
			isa = PBXGroup;
			children = (
				3C0ECF9B2207E33B005FB711 /* Feed */,
				3C0ECF9C2207E34A005FB711 /* Posts */,
			);
			path = UI;
			sourceTree = "<group>";
		};
		3C0ECF932207CFF6005FB711 /* Models */ = {
			isa = PBXGroup;
			children = (
				3C0ECF942207D010005FB711 /* AppData.swift */,
			);
			path = Models;
			sourceTree = "<group>";
		};
		3C0ECF982207DF19005FB711 /* Extensions */ = {
			isa = PBXGroup;
			children = (
				3C0ECF962207DC4E005FB711 /* UserDefaults+Feeds.swift */,
			);
			path = Extensions;
			sourceTree = "<group>";
		};
		3C0ECF9B2207E33B005FB711 /* Feed */ = {
			isa = PBXGroup;
			children = (
				3C6767232207ED9C00D7F452 /* FeedSplitViewController.swift */,
				3C0ECF8E2207CE3D005FB711 /* FeedNavigationViewController.swift */,
				3C0155AF2207C8E000139618 /* FeedViewController.swift */,
				3C0ECF912207CF61005FB711 /* FeedView.swift */,
				3C0ECF992207E148005FB711 /* FeedTableViewCell.swift */,
			);
			path = Feed;
			sourceTree = "<group>";
		};
		3C0ECF9C2207E34A005FB711 /* Posts */ = {
			isa = PBXGroup;
			children = (
				3C0ECF9D2207E3B1005FB711 /* PostsViewController.swift */,
				3C0ECF9F2207E3C1005FB711 /* PostsView.swift */,
				3C0ECFA12207E3E3005FB711 /* PostTableViewCell.swift */,
				3CD05ED0220943FF0023B920 /* PostDetailViewController.swift */,
			);
			path = Posts;
			sourceTree = "<group>";
		};
		3C9A24D2237B7D580083C471 /* ItemList */ = {
			isa = PBXGroup;
			children = (
				3C9A24D6237B89590083C471 /* ItemListViewController.swift */,
				3C9A24D4237B89590083C471 /* ItemListView.swift */,
				3C9A24D3237B89590083C471 /* ItemListOutlineView.swift */,
				3C9A24D5237B89590083C471 /* ItemTableCellView.swift */,
			);
			path = ItemList;
			sourceTree = "<group>";
		};
		3CC2589D2242BE7200BA7534 /* Modals */ = {
			isa = PBXGroup;
			children = (
				3C53BC6C22F158A600451117 /* DeleteFeedSheet.xib */,
				3C53BC6B22F158A600451117 /* DeleteFeedSheetWindowController.swift */,
				3C53BC6722F14C8500451117 /* AddFeedSheet.xib */,
				3CC2589E2242BE8700BA7534 /* AddFeedWindowController.swift */,
			);
			path = Modals;
			sourceTree = "<group>";
		};
		3CF823B3223EDC6500AEC06A /* Super Simple RSS Mac */ = {
			isa = PBXGroup;
			children = (
				3CF823B4223EDC6500AEC06A /* AppDelegate.swift */,
				3C0C4E882241B10500B37C2A /* Extensions */,
				3C0C4E662241A6A000B37C2A /* UI */,
				3C0C4E852241B0B400B37C2A /* Models */,
				3C601E822241A50D00675734 /* Super Simple RSS Mac.entitlements */,
				3CF823B9223EDC6700AEC06A /* Assets.xcassets */,
				3CF823BB223EDC6700AEC06A /* MainMenu.xib */,
				3CF823BE223EDC6700AEC06A /* Info.plist */,
				3CF823BF223EDC6700AEC06A /* Super_Simple_RSS_Mac.entitlements */,
				3CF823B6223EDC6500AEC06A /* Super_Simple_RSS_Mac.xcdatamodeld */,
				3C0C4E692241A76A00B37C2A /* Globals.swift */,
			);
			path = "Super Simple RSS Mac";
			sourceTree = "<group>";
		};
		6637269970BBA0290CE542E8 /* Frameworks */ = {
			isa = PBXGroup;
			children = (
				AAD75A2525993813DBA8B640 /* Pods_Super_Simple_RSS.framework */,
				7902446DFBF71784D1BCB447 /* Pods_Super_Simple_RSS_Mac.framework */,
			);
			name = Frameworks;
			sourceTree = "<group>";
		};
		FF95CB7781797EA92F2D27F5 /* Pods */ = {
			isa = PBXGroup;
			children = (
				7535F998AC8481D39C6C6403 /* Pods-Super Simple RSS.debug.xcconfig */,
				95618D21D2B89E4C18315052 /* Pods-Super Simple RSS.release.xcconfig */,
				CF68D3F9EC3BF1D8AE4F47D3 /* Pods-Super Simple RSS Mac.debug.xcconfig */,
				180816AB8DE7A5C8033DAFE4 /* Pods-Super Simple RSS Mac.release.xcconfig */,
			);
			name = Pods;
			sourceTree = "<group>";
		};
/* End PBXGroup section */

/* Begin PBXNativeTarget section */
		3C0155A92207C8E000139618 /* Super Simple RSS */ = {
			isa = PBXNativeTarget;
			buildConfigurationList = 3C0155BC2207C8E200139618 /* Build configuration list for PBXNativeTarget "Super Simple RSS" */;
			buildPhases = (
				49C7F564CC179FB5C73628EB /* [CP] Check Pods Manifest.lock */,
				3C0155A62207C8E000139618 /* Sources */,
				3C0155A72207C8E000139618 /* Frameworks */,
				3C0155A82207C8E000139618 /* Resources */,
				E9CC347C1B4204C8418537E5 /* [CP] Embed Pods Frameworks */,
			);
			buildRules = (
			);
			dependencies = (
			);
			name = "Super Simple RSS";
			productName = "Super Simple RSS";
			productReference = 3C0155AA2207C8E000139618 /* Super Simple RSS.app */;
			productType = "com.apple.product-type.application";
		};
		3CF823B1223EDC6500AEC06A /* Super Simple RSS Mac */ = {
			isa = PBXNativeTarget;
			buildConfigurationList = 3CF823C2223EDC6700AEC06A /* Build configuration list for PBXNativeTarget "Super Simple RSS Mac" */;
			buildPhases = (
				2389D3152DB9CBA141FEA1DC /* [CP] Check Pods Manifest.lock */,
				3CF823AE223EDC6500AEC06A /* Sources */,
				3CF823AF223EDC6500AEC06A /* Frameworks */,
				3CF823B0223EDC6500AEC06A /* Resources */,
				1FE0F7B8F155CF2658464BD9 /* [CP] Embed Pods Frameworks */,
			);
			buildRules = (
			);
			dependencies = (
			);
			name = "Super Simple RSS Mac";
			productName = "Super Simple RSS Mac";
			productReference = 3CF823B2223EDC6500AEC06A /* Super Simple RSS Mac.app */;
			productType = "com.apple.product-type.application";
		};
/* End PBXNativeTarget section */

/* Begin PBXProject section */
		3C0155A22207C8E000139618 /* Project object */ = {
			isa = PBXProject;
			attributes = {
				LastSwiftUpdateCheck = 1010;
				LastUpgradeCheck = 1010;
				ORGANIZATIONNAME = "Geof Crowl";
				TargetAttributes = {
					3C0155A92207C8E000139618 = {
						CreatedOnToolsVersion = 10.1;
						LastSwiftMigration = 1110;
					};
					3CF823B1223EDC6500AEC06A = {
						CreatedOnToolsVersion = 10.1;
						LastSwiftMigration = 1100;
						SystemCapabilities = {
							com.apple.HardenedRuntime = {
								enabled = 1;
							};
							com.apple.Sandbox = {
								enabled = 1;
							};
						};
					};
				};
			};
			buildConfigurationList = 3C0155A52207C8E000139618 /* Build configuration list for PBXProject "Super Simple RSS" */;
			compatibilityVersion = "Xcode 9.3";
			developmentRegion = en;
			hasScannedForEncodings = 0;
			knownRegions = (
				en,
				Base,
			);
			mainGroup = 3C0155A12207C8E000139618;
			productRefGroup = 3C0155AB2207C8E000139618 /* Products */;
			projectDirPath = "";
			projectRoot = "";
			targets = (
				3C0155A92207C8E000139618 /* Super Simple RSS */,
				3CF823B1223EDC6500AEC06A /* Super Simple RSS Mac */,
			);
		};
/* End PBXProject section */

/* Begin PBXResourcesBuildPhase section */
		3C0155A82207C8E000139618 /* Resources */ = {
			isa = PBXResourcesBuildPhase;
			buildActionMask = 2147483647;
			files = (
				3C6767262207F7FF00D7F452 /* README.md in Resources */,
				3C0155B82207C8E200139618 /* LaunchScreen.storyboard in Resources */,
				3C0155B52207C8E200139618 /* Assets.xcassets in Resources */,
			);
			runOnlyForDeploymentPostprocessing = 0;
		};
		3CF823B0223EDC6500AEC06A /* Resources */ = {
			isa = PBXResourcesBuildPhase;
			buildActionMask = 2147483647;
			files = (
				3CF823BA223EDC6700AEC06A /* Assets.xcassets in Resources */,
				3CF823BD223EDC6700AEC06A /* MainMenu.xib in Resources */,
				3C53BC6A22F156E200451117 /* AddFeedSheet.xib in Resources */,
				3C53BC6E22F158A600451117 /* DeleteFeedSheet.xib in Resources */,
			);
			runOnlyForDeploymentPostprocessing = 0;
		};
/* End PBXResourcesBuildPhase section */

/* Begin PBXShellScriptBuildPhase section */
		1FE0F7B8F155CF2658464BD9 /* [CP] Embed Pods Frameworks */ = {
			isa = PBXShellScriptBuildPhase;
			buildActionMask = 2147483647;
			files = (
			);
			inputFileListPaths = (
				"${PODS_ROOT}/Target Support Files/Pods-Super Simple RSS Mac/Pods-Super Simple RSS Mac-frameworks-${CONFIGURATION}-input-files.xcfilelist",
			);
			name = "[CP] Embed Pods Frameworks";
			outputFileListPaths = (
				"${PODS_ROOT}/Target Support Files/Pods-Super Simple RSS Mac/Pods-Super Simple RSS Mac-frameworks-${CONFIGURATION}-output-files.xcfilelist",
			);
			runOnlyForDeploymentPostprocessing = 0;
			shellPath = /bin/sh;
			shellScript = "\"${PODS_ROOT}/Target Support Files/Pods-Super Simple RSS Mac/Pods-Super Simple RSS Mac-frameworks.sh\"\n";
			showEnvVarsInLog = 0;
		};
		2389D3152DB9CBA141FEA1DC /* [CP] Check Pods Manifest.lock */ = {
			isa = PBXShellScriptBuildPhase;
			buildActionMask = 2147483647;
			files = (
			);
			inputPaths = (
				"${PODS_PODFILE_DIR_PATH}/Podfile.lock",
				"${PODS_ROOT}/Manifest.lock",
			);
			name = "[CP] Check Pods Manifest.lock";
			outputPaths = (
				"$(DERIVED_FILE_DIR)/Pods-Super Simple RSS Mac-checkManifestLockResult.txt",
			);
			runOnlyForDeploymentPostprocessing = 0;
			shellPath = /bin/sh;
			shellScript = "diff \"${PODS_PODFILE_DIR_PATH}/Podfile.lock\" \"${PODS_ROOT}/Manifest.lock\" > /dev/null\nif [ $? != 0 ] ; then\n    # print error to STDERR\n    echo \"error: The sandbox is not in sync with the Podfile.lock. Run 'pod install' or update your CocoaPods installation.\" >&2\n    exit 1\nfi\n# This output is used by Xcode 'outputs' to avoid re-running this script phase.\necho \"SUCCESS\" > \"${SCRIPT_OUTPUT_FILE_0}\"\n";
			showEnvVarsInLog = 0;
		};
		49C7F564CC179FB5C73628EB /* [CP] Check Pods Manifest.lock */ = {
			isa = PBXShellScriptBuildPhase;
			buildActionMask = 2147483647;
			files = (
			);
			inputPaths = (
				"${PODS_PODFILE_DIR_PATH}/Podfile.lock",
				"${PODS_ROOT}/Manifest.lock",
			);
			name = "[CP] Check Pods Manifest.lock";
			outputPaths = (
				"$(DERIVED_FILE_DIR)/Pods-Super Simple RSS-checkManifestLockResult.txt",
			);
			runOnlyForDeploymentPostprocessing = 0;
			shellPath = /bin/sh;
			shellScript = "diff \"${PODS_PODFILE_DIR_PATH}/Podfile.lock\" \"${PODS_ROOT}/Manifest.lock\" > /dev/null\nif [ $? != 0 ] ; then\n    # print error to STDERR\n    echo \"error: The sandbox is not in sync with the Podfile.lock. Run 'pod install' or update your CocoaPods installation.\" >&2\n    exit 1\nfi\n# This output is used by Xcode 'outputs' to avoid re-running this script phase.\necho \"SUCCESS\" > \"${SCRIPT_OUTPUT_FILE_0}\"\n";
			showEnvVarsInLog = 0;
		};
		E9CC347C1B4204C8418537E5 /* [CP] Embed Pods Frameworks */ = {
			isa = PBXShellScriptBuildPhase;
			buildActionMask = 2147483647;
			files = (
			);
			inputFileListPaths = (
				"${PODS_ROOT}/Target Support Files/Pods-Super Simple RSS/Pods-Super Simple RSS-frameworks-${CONFIGURATION}-input-files.xcfilelist",
			);
			name = "[CP] Embed Pods Frameworks";
			outputFileListPaths = (
				"${PODS_ROOT}/Target Support Files/Pods-Super Simple RSS/Pods-Super Simple RSS-frameworks-${CONFIGURATION}-output-files.xcfilelist",
			);
			runOnlyForDeploymentPostprocessing = 0;
			shellPath = /bin/sh;
			shellScript = "\"${PODS_ROOT}/Target Support Files/Pods-Super Simple RSS/Pods-Super Simple RSS-frameworks.sh\"\n";
			showEnvVarsInLog = 0;
		};
/* End PBXShellScriptBuildPhase section */

/* Begin PBXSourcesBuildPhase section */
		3C0155A62207C8E000139618 /* Sources */ = {
			isa = PBXSourcesBuildPhase;
			buildActionMask = 2147483647;
			files = (
				3C0ECF922207CF61005FB711 /* FeedView.swift in Sources */,
				3C0ECF972207DC4E005FB711 /* UserDefaults+Feeds.swift in Sources */,
				3C0ECF9A2207E148005FB711 /* FeedTableViewCell.swift in Sources */,
				3CD05ED1220943FF0023B920 /* PostDetailViewController.swift in Sources */,
				3C0155B02207C8E000139618 /* FeedViewController.swift in Sources */,
				3C0ECF9E2207E3B1005FB711 /* PostsViewController.swift in Sources */,
				3C0ECF8F2207CE3E005FB711 /* FeedNavigationViewController.swift in Sources */,
				3C6767242207ED9C00D7F452 /* FeedSplitViewController.swift in Sources */,
				3C0155AE2207C8E000139618 /* AppDelegate.swift in Sources */,
				3C0ECFA22207E3E3005FB711 /* PostTableViewCell.swift in Sources */,
				3C0ECF952207D010005FB711 /* AppData.swift in Sources */,
				3C0ECFA02207E3C1005FB711 /* PostsView.swift in Sources */,
			);
			runOnlyForDeploymentPostprocessing = 0;
		};
		3CF823AE223EDC6500AEC06A /* Sources */ = {
			isa = PBXSourcesBuildPhase;
			buildActionMask = 2147483647;
			files = (
				3C0C4E792241A8FF00B37C2A /* DetailViewController.swift in Sources */,
				3C9A24DA237B89DB0083C471 /* ItemListOutlineView.swift in Sources */,
				3C0C4E732241A87500B37C2A /* FeedListView.swift in Sources */,
				3CC2589F2242BE8700BA7534 /* AddFeedWindowController.swift in Sources */,
				3C9A24DF237BB6F10083C471 /* NSString+Height.swift in Sources */,
				3C0C4E6C2241A79B00B37C2A /* FeedWindow.swift in Sources */,
				3C0C4E6E2241A7D400B37C2A /* FeedSplitViewController.swift in Sources */,
				3C0C4E772241A8D900B37C2A /* FeedTableCellView.swift in Sources */,
				3C0C4E752241A89000B37C2A /* FeedListOutlineView.swift in Sources */,
				3C0C4E6A2241A76A00B37C2A /* Globals.swift in Sources */,
				3CF823B8223EDC6500AEC06A /* Super_Simple_RSS_Mac.xcdatamodeld in Sources */,
				3C0C4E682241A71E00B37C2A /* FeedWindowController.swift in Sources */,
				3C0C4E702241A84200B37C2A /* FeedListViewController.swift in Sources */,
				3C9A24D8237B89D60083C471 /* ItemListViewController.swift in Sources */,
				3CC258AB2242D99100BA7534 /* RefreshFeedsToolbarItem.swift in Sources */,
				3C0C4E812241AA4F00B37C2A /* NewFeedToolbarItem.swift in Sources */,
				3C0C4E872241B10100B37C2A /* UserDefaults+Feeds.swift in Sources */,
				3C9A24DD237BB69F0083C471 /* NSTextField+SizeThatFitsWidth.swift in Sources */,
				3C9A24DB237B89DD0083C471 /* ItemTableCellView.swift in Sources */,
				3C9A24D9237B89D90083C471 /* ItemListView.swift in Sources */,
				3C53BC6D22F158A600451117 /* DeleteFeedSheetWindowController.swift in Sources */,
				3CF823B5223EDC6500AEC06A /* AppDelegate.swift in Sources */,
				3C0C4E7F2241AA1F00B37C2A /* NSToolbarItem+CustomIdentifiers.swift in Sources */,
				3C0C4E842241B0B100B37C2A /* AppData.swift in Sources */,
			);
			runOnlyForDeploymentPostprocessing = 0;
		};
/* End PBXSourcesBuildPhase section */

/* Begin PBXVariantGroup section */
		3C0155B62207C8E200139618 /* LaunchScreen.storyboard */ = {
			isa = PBXVariantGroup;
			children = (
				3C0155B72207C8E200139618 /* Base */,
			);
			name = LaunchScreen.storyboard;
			sourceTree = "<group>";
		};
		3CF823BB223EDC6700AEC06A /* MainMenu.xib */ = {
			isa = PBXVariantGroup;
			children = (
				3CF823BC223EDC6700AEC06A /* Base */,
			);
			name = MainMenu.xib;
			sourceTree = "<group>";
		};
/* End PBXVariantGroup section */

/* Begin XCBuildConfiguration section */
		3C0155BA2207C8E200139618 /* Debug */ = {
			isa = XCBuildConfiguration;
			buildSettings = {
				ALWAYS_SEARCH_USER_PATHS = NO;
				CLANG_ANALYZER_NONNULL = YES;
				CLANG_ANALYZER_NUMBER_OBJECT_CONVERSION = YES_AGGRESSIVE;
				CLANG_CXX_LANGUAGE_STANDARD = "gnu++14";
				CLANG_CXX_LIBRARY = "libc++";
				CLANG_ENABLE_MODULES = YES;
				CLANG_ENABLE_OBJC_ARC = YES;
				CLANG_ENABLE_OBJC_WEAK = YES;
				CLANG_WARN_BLOCK_CAPTURE_AUTORELEASING = YES;
				CLANG_WARN_BOOL_CONVERSION = YES;
				CLANG_WARN_COMMA = YES;
				CLANG_WARN_CONSTANT_CONVERSION = YES;
				CLANG_WARN_DEPRECATED_OBJC_IMPLEMENTATIONS = YES;
				CLANG_WARN_DIRECT_OBJC_ISA_USAGE = YES_ERROR;
				CLANG_WARN_DOCUMENTATION_COMMENTS = YES;
				CLANG_WARN_EMPTY_BODY = YES;
				CLANG_WARN_ENUM_CONVERSION = YES;
				CLANG_WARN_INFINITE_RECURSION = YES;
				CLANG_WARN_INT_CONVERSION = YES;
				CLANG_WARN_NON_LITERAL_NULL_CONVERSION = YES;
				CLANG_WARN_OBJC_IMPLICIT_RETAIN_SELF = YES;
				CLANG_WARN_OBJC_LITERAL_CONVERSION = YES;
				CLANG_WARN_OBJC_ROOT_CLASS = YES_ERROR;
				CLANG_WARN_RANGE_LOOP_ANALYSIS = YES;
				CLANG_WARN_STRICT_PROTOTYPES = YES;
				CLANG_WARN_SUSPICIOUS_MOVE = YES;
				CLANG_WARN_UNGUARDED_AVAILABILITY = YES_AGGRESSIVE;
				CLANG_WARN_UNREACHABLE_CODE = YES;
				CLANG_WARN__DUPLICATE_METHOD_MATCH = YES;
				CODE_SIGN_IDENTITY = "iPhone Developer";
				COPY_PHASE_STRIP = NO;
				DEBUG_INFORMATION_FORMAT = dwarf;
				ENABLE_STRICT_OBJC_MSGSEND = YES;
				ENABLE_TESTABILITY = YES;
				GCC_C_LANGUAGE_STANDARD = gnu11;
				GCC_DYNAMIC_NO_PIC = NO;
				GCC_NO_COMMON_BLOCKS = YES;
				GCC_OPTIMIZATION_LEVEL = 0;
				GCC_PREPROCESSOR_DEFINITIONS = (
					"DEBUG=1",
					"$(inherited)",
				);
				GCC_WARN_64_TO_32_BIT_CONVERSION = YES;
				GCC_WARN_ABOUT_RETURN_TYPE = YES_ERROR;
				GCC_WARN_UNDECLARED_SELECTOR = YES;
				GCC_WARN_UNINITIALIZED_AUTOS = YES_AGGRESSIVE;
				GCC_WARN_UNUSED_FUNCTION = YES;
				GCC_WARN_UNUSED_VARIABLE = YES;
				IPHONEOS_DEPLOYMENT_TARGET = 12.1;
				MTL_ENABLE_DEBUG_INFO = INCLUDE_SOURCE;
				MTL_FAST_MATH = YES;
				ONLY_ACTIVE_ARCH = YES;
				SDKROOT = iphoneos;
				SWIFT_ACTIVE_COMPILATION_CONDITIONS = DEBUG;
				SWIFT_OPTIMIZATION_LEVEL = "-Onone";
			};
			name = Debug;
		};
		3C0155BB2207C8E200139618 /* Release */ = {
			isa = XCBuildConfiguration;
			buildSettings = {
				ALWAYS_SEARCH_USER_PATHS = NO;
				CLANG_ANALYZER_NONNULL = YES;
				CLANG_ANALYZER_NUMBER_OBJECT_CONVERSION = YES_AGGRESSIVE;
				CLANG_CXX_LANGUAGE_STANDARD = "gnu++14";
				CLANG_CXX_LIBRARY = "libc++";
				CLANG_ENABLE_MODULES = YES;
				CLANG_ENABLE_OBJC_ARC = YES;
				CLANG_ENABLE_OBJC_WEAK = YES;
				CLANG_WARN_BLOCK_CAPTURE_AUTORELEASING = YES;
				CLANG_WARN_BOOL_CONVERSION = YES;
				CLANG_WARN_COMMA = YES;
				CLANG_WARN_CONSTANT_CONVERSION = YES;
				CLANG_WARN_DEPRECATED_OBJC_IMPLEMENTATIONS = YES;
				CLANG_WARN_DIRECT_OBJC_ISA_USAGE = YES_ERROR;
				CLANG_WARN_DOCUMENTATION_COMMENTS = YES;
				CLANG_WARN_EMPTY_BODY = YES;
				CLANG_WARN_ENUM_CONVERSION = YES;
				CLANG_WARN_INFINITE_RECURSION = YES;
				CLANG_WARN_INT_CONVERSION = YES;
				CLANG_WARN_NON_LITERAL_NULL_CONVERSION = YES;
				CLANG_WARN_OBJC_IMPLICIT_RETAIN_SELF = YES;
				CLANG_WARN_OBJC_LITERAL_CONVERSION = YES;
				CLANG_WARN_OBJC_ROOT_CLASS = YES_ERROR;
				CLANG_WARN_RANGE_LOOP_ANALYSIS = YES;
				CLANG_WARN_STRICT_PROTOTYPES = YES;
				CLANG_WARN_SUSPICIOUS_MOVE = YES;
				CLANG_WARN_UNGUARDED_AVAILABILITY = YES_AGGRESSIVE;
				CLANG_WARN_UNREACHABLE_CODE = YES;
				CLANG_WARN__DUPLICATE_METHOD_MATCH = YES;
				CODE_SIGN_IDENTITY = "iPhone Developer";
				COPY_PHASE_STRIP = NO;
				DEBUG_INFORMATION_FORMAT = "dwarf-with-dsym";
				ENABLE_NS_ASSERTIONS = NO;
				ENABLE_STRICT_OBJC_MSGSEND = YES;
				GCC_C_LANGUAGE_STANDARD = gnu11;
				GCC_NO_COMMON_BLOCKS = YES;
				GCC_WARN_64_TO_32_BIT_CONVERSION = YES;
				GCC_WARN_ABOUT_RETURN_TYPE = YES_ERROR;
				GCC_WARN_UNDECLARED_SELECTOR = YES;
				GCC_WARN_UNINITIALIZED_AUTOS = YES_AGGRESSIVE;
				GCC_WARN_UNUSED_FUNCTION = YES;
				GCC_WARN_UNUSED_VARIABLE = YES;
				IPHONEOS_DEPLOYMENT_TARGET = 12.1;
				MTL_ENABLE_DEBUG_INFO = NO;
				MTL_FAST_MATH = YES;
				SDKROOT = iphoneos;
				SWIFT_COMPILATION_MODE = wholemodule;
				SWIFT_OPTIMIZATION_LEVEL = "-O";
				VALIDATE_PRODUCT = YES;
			};
			name = Release;
		};
		3C0155BD2207C8E200139618 /* Debug */ = {
			isa = XCBuildConfiguration;
			baseConfigurationReference = 7535F998AC8481D39C6C6403 /* Pods-Super Simple RSS.debug.xcconfig */;
			buildSettings = {
				ASSETCATALOG_COMPILER_APPICON_NAME = AppIcon;
				CODE_SIGN_ENTITLEMENTS = "Super Simple RSS/Super Simple RSS.entitlements";
				"CODE_SIGN_IDENTITY[sdk=macosx*]" = "Apple Development";
				CODE_SIGN_STYLE = Automatic;
				CURRENT_PROJECT_VERSION = 2;
				DERIVE_UIKITFORMAC_PRODUCT_BUNDLE_IDENTIFIER = YES;
				DEVELOPMENT_TEAM = C62KGZ35B8;
				INFOPLIST_FILE = "Super Simple RSS/Info.plist";
				IPHONEOS_DEPLOYMENT_TARGET = 13.0;
				LD_RUNPATH_SEARCH_PATHS = (
					"$(inherited)",
					"@executable_path/Frameworks",
				);
				MARKETING_VERSION = 0.1.1;
				PRODUCT_BUNDLE_IDENTIFIER = "com.geofcrowl.Super-Simple-RSS";
				PRODUCT_NAME = "$(TARGET_NAME)";
				SUPPORTS_UIKITFORMAC = YES;
				SWIFT_VERSION = 5.0;
				TARGETED_DEVICE_FAMILY = "1,2";
			};
			name = Debug;
		};
		3C0155BE2207C8E200139618 /* Release */ = {
			isa = XCBuildConfiguration;
			baseConfigurationReference = 95618D21D2B89E4C18315052 /* Pods-Super Simple RSS.release.xcconfig */;
			buildSettings = {
				ASSETCATALOG_COMPILER_APPICON_NAME = AppIcon;
				CODE_SIGN_ENTITLEMENTS = "Super Simple RSS/Super Simple RSS.entitlements";
				"CODE_SIGN_IDENTITY[sdk=macosx*]" = "Apple Development";
				CODE_SIGN_STYLE = Automatic;
				CURRENT_PROJECT_VERSION = 2;
				DERIVE_UIKITFORMAC_PRODUCT_BUNDLE_IDENTIFIER = YES;
				DEVELOPMENT_TEAM = C62KGZ35B8;
				INFOPLIST_FILE = "Super Simple RSS/Info.plist";
				IPHONEOS_DEPLOYMENT_TARGET = 13.0;
				LD_RUNPATH_SEARCH_PATHS = (
					"$(inherited)",
					"@executable_path/Frameworks",
				);
				MARKETING_VERSION = 0.1.1;
				PRODUCT_BUNDLE_IDENTIFIER = "com.geofcrowl.Super-Simple-RSS";
				PRODUCT_NAME = "$(TARGET_NAME)";
				SUPPORTS_UIKITFORMAC = YES;
				SWIFT_VERSION = 5.0;
				TARGETED_DEVICE_FAMILY = "1,2";
			};
			name = Release;
		};
		3CF823C0223EDC6700AEC06A /* Debug */ = {
			isa = XCBuildConfiguration;
			baseConfigurationReference = CF68D3F9EC3BF1D8AE4F47D3 /* Pods-Super Simple RSS Mac.debug.xcconfig */;
			buildSettings = {
				ASSETCATALOG_COMPILER_APPICON_NAME = AppIcon;
				CODE_SIGN_ENTITLEMENTS = "Super Simple RSS Mac/Super Simple RSS Mac.entitlements";
				CODE_SIGN_IDENTITY = "Mac Developer";
				CODE_SIGN_STYLE = Automatic;
				COMBINE_HIDPI_IMAGES = YES;
				CURRENT_PROJECT_VERSION = 2;
				DEVELOPMENT_TEAM = C62KGZ35B8;
				ENABLE_HARDENED_RUNTIME = YES;
				INFOPLIST_FILE = "Super Simple RSS Mac/Info.plist";
				LD_RUNPATH_SEARCH_PATHS = (
					"$(inherited)",
					"@executable_path/../Frameworks",
				);
				MACOSX_DEPLOYMENT_TARGET = 10.13;
				MARKETING_VERSION = 0.1.1;
				PRODUCT_BUNDLE_IDENTIFIER = "com.geofcrowl.Super-Simple-RSS-Mac";
				PRODUCT_NAME = "$(TARGET_NAME)";
				SDKROOT = macosx;
				SWIFT_VERSION = 5.0;
			};
			name = Debug;
		};
		3CF823C1223EDC6700AEC06A /* Release */ = {
			isa = XCBuildConfiguration;
			baseConfigurationReference = 180816AB8DE7A5C8033DAFE4 /* Pods-Super Simple RSS Mac.release.xcconfig */;
			buildSettings = {
				ASSETCATALOG_COMPILER_APPICON_NAME = AppIcon;
				CODE_SIGN_ENTITLEMENTS = "Super Simple RSS Mac/Super Simple RSS Mac.entitlements";
				CODE_SIGN_IDENTITY = "Mac Developer";
				CODE_SIGN_STYLE = Automatic;
				COMBINE_HIDPI_IMAGES = YES;
				CURRENT_PROJECT_VERSION = 2;
				DEVELOPMENT_TEAM = C62KGZ35B8;
				ENABLE_HARDENED_RUNTIME = YES;
				INFOPLIST_FILE = "Super Simple RSS Mac/Info.plist";
				LD_RUNPATH_SEARCH_PATHS = (
					"$(inherited)",
					"@executable_path/../Frameworks",
				);
				MACOSX_DEPLOYMENT_TARGET = 10.13;
				MARKETING_VERSION = 0.1.1;
				PRODUCT_BUNDLE_IDENTIFIER = "com.geofcrowl.Super-Simple-RSS-Mac";
				PRODUCT_NAME = "$(TARGET_NAME)";
				SDKROOT = macosx;
				SWIFT_VERSION = 5.0;
			};
			name = Release;
		};
/* End XCBuildConfiguration section */

/* Begin XCConfigurationList section */
		3C0155A52207C8E000139618 /* Build configuration list for PBXProject "Super Simple RSS" */ = {
			isa = XCConfigurationList;
			buildConfigurations = (
				3C0155BA2207C8E200139618 /* Debug */,
				3C0155BB2207C8E200139618 /* Release */,
			);
			defaultConfigurationIsVisible = 0;
			defaultConfigurationName = Release;
		};
		3C0155BC2207C8E200139618 /* Build configuration list for PBXNativeTarget "Super Simple RSS" */ = {
			isa = XCConfigurationList;
			buildConfigurations = (
				3C0155BD2207C8E200139618 /* Debug */,
				3C0155BE2207C8E200139618 /* Release */,
			);
			defaultConfigurationIsVisible = 0;
			defaultConfigurationName = Release;
		};
		3CF823C2223EDC6700AEC06A /* Build configuration list for PBXNativeTarget "Super Simple RSS Mac" */ = {
			isa = XCConfigurationList;
			buildConfigurations = (
				3CF823C0223EDC6700AEC06A /* Debug */,
				3CF823C1223EDC6700AEC06A /* Release */,
			);
			defaultConfigurationIsVisible = 0;
			defaultConfigurationName = Release;
		};
/* End XCConfigurationList section */

/* Begin XCVersionGroup section */
		3CF823B6223EDC6500AEC06A /* Super_Simple_RSS_Mac.xcdatamodeld */ = {
			isa = XCVersionGroup;
			children = (
				3CF823B7223EDC6500AEC06A /* Super_Simple_RSS_Mac.xcdatamodel */,
			);
			currentVersion = 3CF823B7223EDC6500AEC06A /* Super_Simple_RSS_Mac.xcdatamodel */;
			path = Super_Simple_RSS_Mac.xcdatamodeld;
			sourceTree = "<group>";
			versionGroupType = wrapper.xcdatamodel;
		};
/* End XCVersionGroup section */
	};
	rootObject = 3C0155A22207C8E000139618 /* Project object */;
}
